# This file is automatically @generated by Cargo.
# It is not intended for manual editing.
version = 4

[[package]]
name = "reversi-agent-cli"
version = "0.1.0"
dependencies = [
 "reversi-core",
 "reversi-mcts",
 "reversi-nn",
]

[[package]]
name = "reversi-core"
version = "0.1.0"

[[package]]
name = "reversi-mcts"
version = "0.1.0"

[[package]]
name = "reversi-nn"
version = "0.1.0"
